// !$*UTF8*$!
{
	archiveVersion = 1;
	classes = {
	};
	objectVersion = 48;
	objects = {

/* Begin PBXBuildFile section */
		653BCC881F118181003E359B /* AppDelegate.swift in Sources */ = {isa = PBXBuildFile; fileRef = 653BCC871F118181003E359B /* AppDelegate.swift */; };
		653BCC8A1F118181003E359B /* art.scnassets in Resources */ = {isa = PBXBuildFile; fileRef = 653BCC891F118181003E359B /* art.scnassets */; };
		653BCC8C1F118181003E359B /* ViewController.swift in Sources */ = {isa = PBXBuildFile; fileRef = 653BCC8B1F118181003E359B /* ViewController.swift */; };
		653BCC911F118181003E359B /* Assets.xcassets in Resources */ = {isa = PBXBuildFile; fileRef = 653BCC901F118181003E359B /* Assets.xcassets */; };
		653BCC941F118181003E359B /* LaunchScreen.storyboard in Resources */ = {isa = PBXBuildFile; fileRef = 653BCC921F118181003E359B /* LaunchScreen.storyboard */; };
		653BCCA11F11831B003E359B /* Main.storyboard in Resources */ = {isa = PBXBuildFile; fileRef = 653BCC9E1F1182F9003E359B /* Main.storyboard */; };
/* End PBXBuildFile section */

/* Begin PBXFileReference section */
		653BCC841F118181003E359B /* arkit-controller-bug.app */ = {isa = PBXFileReference; explicitFileType = wrapper.application; includeInIndex = 0; path = "arkit-controller-bug.app"; sourceTree = BUILT_PRODUCTS_DIR; };
		653BCC871F118181003E359B /* AppDelegate.swift */ = {isa = PBXFileReference; lastKnownFileType = sourcecode.swift; path = AppDelegate.swift; sourceTree = "<group>"; };
		653BCC891F118181003E359B /* art.scnassets */ = {isa = PBXFileReference; lastKnownFileType = wrapper.scnassets; path = art.scnassets; sourceTree = "<group>"; };
		653BCC8B1F118181003E359B /* ViewController.swift */ = {isa = PBXFileReference; lastKnownFileType = sourcecode.swift; path = ViewController.swift; sourceTree = "<group>"; };
		653BCC901F118181003E359B /* Assets.xcassets */ = {isa = PBXFileReference; lastKnownFileType = folder.assetcatalog; path = Assets.xcassets; sourceTree = "<group>"; };
		653BCC931F118181003E359B /* Base */ = {isa = PBXFileReference; lastKnownFileType = file.storyboard; name = Base; path = Base.lproj/LaunchScreen.storyboard; sourceTree = "<group>"; };
		653BCC951F118181003E359B /* Info.plist */ = {isa = PBXFileReference; lastKnownFileType = text.plist.xml; path = Info.plist; sourceTree = "<group>"; };
		653BCC9F1F1182F9003E359B /* Base */ = {isa = PBXFileReference; lastKnownFileType = file.storyboard; name = Base; path = Base.lproj/Main.storyboard; sourceTree = "<group>"; };
/* End PBXFileReference section */

/* Begin PBXFrameworksBuildPhase section */
		653BCC811F118181003E359B /* Frameworks */ = {
			isa = PBXFrameworksBuildPhase;
			buildActionMask = 2147483647;
			files = (
			);
			runOnlyForDeploymentPostprocessing = 0;
		};
/* End PBXFrameworksBuildPhase section */

/* Begin PBXGroup section */
		653BCC7B1F118181003E359B = {
			isa = PBXGroup;
			children = (
				653BCC861F118181003E359B /* arkit-controller-bug */,
				653BCC851F118181003E359B /* Products */,
			);
			sourceTree = "<group>";
		};
		653BCC851F118181003E359B /* Products */ = {
			isa = PBXGroup;
			children = (
				653BCC841F118181003E359B /* arkit-controller-bug.app */,
			);
			name = Products;
			sourceTree = "<group>";
		};
		653BCC861F118181003E359B /* arkit-controller-bug */ = {
			isa = PBXGroup;
			children = (
				653BCC871F118181003E359B /* AppDelegate.swift */,
				653BCC891F118181003E359B /* art.scnassets */,
				653BCC8B1F118181003E359B /* ViewController.swift */,
				653BCC901F118181003E359B /* Assets.xcassets */,
				653BCC9E1F1182F9003E359B /* Main.storyboard */,
				653BCC921F118181003E359B /* LaunchScreen.storyboard */,
				653BCC951F118181003E359B /* Info.plist */,
			);
			path = "arkit-controller-bug";
			sourceTree = "<group>";
		};
/* End PBXGroup section */

/* Begin PBXNativeTarget section */
		653BCC831F118181003E359B /* arkit-controller-bug */ = {
			isa = PBXNativeTarget;
			buildConfigurationList = 653BCC981F118181003E359B /* Build configuration list for PBXNativeTarget "arkit-controller-bug" */;
			buildPhases = (
				653BCC801F118181003E359B /* Sources */,
				653BCC811F118181003E359B /* Frameworks */,
				653BCC821F118181003E359B /* Resources */,
			);
			buildRules = (
			);
			dependencies = (
			);
			name = "arkit-controller-bug";
			productName = "arkit-controller-bug";
			productReference = 653BCC841F118181003E359B /* arkit-controller-bug.app */;
			productType = "com.apple.product-type.application";
		};
/* End PBXNativeTarget section */

/* Begin PBXProject section */
		653BCC7C1F118181003E359B /* Project object */ = {
			isa = PBXProject;
			attributes = {
				LastSwiftUpdateCheck = 0900;
				LastUpgradeCheck = 0900;
				ORGANIZATIONNAME = "Hunter Monk";
				TargetAttributes = {
					653BCC831F118181003E359B = {
						CreatedOnToolsVersion = 9.0;
					};
				};
			};
			buildConfigurationList = 653BCC7F1F118181003E359B /* Build configuration list for PBXProject "arkit-controller-bug" */;
			compatibilityVersion = "Xcode 8.0";
			developmentRegion = en;
			hasScannedForEncodings = 0;
			knownRegions = (
				en,
				Base,
			);
			mainGroup = 653BCC7B1F118181003E359B;
			productRefGroup = 653BCC851F118181003E359B /* Products */;
			projectDirPath = "";
			projectRoot = "";
			targets = (
				653BCC831F118181003E359B /* arkit-controller-bug */,
			);
		};
/* End PBXProject section */

/* Begin PBXResourcesBuildPhase section */
		653BCC821F118181003E359B /* Resources */ = {
			isa = PBXResourcesBuildPhase;
			buildActionMask = 2147483647;
			files = (
				653BCCA11F11831B003E359B /* Main.storyboard in Resources */,
				653BCC8A1F118181003E359B /* art.scnassets in Resources */,
				653BCC941F118181003E359B /* LaunchScreen.storyboard in Resources */,
				653BCC911F118181003E359B /* Assets.xcassets in Resources */,
			);
			runOnlyForDeploymentPostprocessing = 0;
		};
/* End PBXResourcesBuildPhase section */

/* Begin PBXSourcesBuildPhase section */
		653BCC801F118181003E359B /* Sources */ = {
			isa = PBXSourcesBuildPhase;
			buildActionMask = 2147483647;
			files = (
				653BCC8C1F118181003E359B /* ViewController.swift in Sources */,
				653BCC881F118181003E359B /* AppDelegate.swift in Sources */,
			);
			runOnlyForDeploymentPostprocessing = 0;
		};
/* End PBXSourcesBuildPhase section */

/* Begin PBXVariantGroup section */
		653BCC921F118181003E359B /* LaunchScreen.storyboard */ = {
			isa = PBXVariantGroup;
			children = (
				653BCC931F118181003E359B /* Base */,
			);
			name = LaunchScreen.storyboard;
			sourceTree = "<group>";
		};
		653BCC9E1F1182F9003E359B /* Main.storyboard */ = {
			isa = PBXVariantGroup;
			children = (
				653BCC9F1F1182F9003E359B /* Base */,
			);
			name = Main.storyboard;
			sourceTree = "<group>";
		};
/* End PBXVariantGroup section */

/* Begin XCBuildConfiguration section */
		653BCC961F118181003E359B /* Debug */ = {
			isa = XCBuildConfiguration;
			buildSettings = {
				ALWAYS_SEARCH_USER_PATHS = NO;
				CLANG_ANALYZER_NONNULL = YES;
				CLANG_ANALYZER_NUMBER_OBJECT_CONVERSION = YES_AGGRESSIVE;
				CLANG_CXX_LANGUAGE_STANDARD = "gnu++14";
				CLANG_CXX_LIBRARY = "libc++";
				CLANG_ENABLE_MODULES = YES;
				CLANG_ENABLE_OBJC_ARC = YES;
				CLANG_WARN_BLOCK_CAPTURE_AUTORELEASING = YES;
				CLANG_WARN_BOOL_CONVERSION = YES;
				CLANG_WARN_COMMA = YES;
				CLANG_WARN_CONSTANT_CONVERSION = YES;
				CLANG_WARN_DIRECT_OBJC_ISA_USAGE = YES_ERROR;
				CLANG_WARN_DOCUMENTATION_COMMENTS = YES;
				CLANG_WARN_EMPTY_BODY = YES;
				CLANG_WARN_ENUM_CONVERSION = YES;
				CLANG_WARN_INFINITE_RECURSION = YES;
				CLANG_WARN_INT_CONVERSION = YES;
				CLANG_WARN_OBJC_ROOT_CLASS = YES_ERROR;
				CLANG_WARN_RANGE_LOOP_ANALYSIS = YES;
				CLANG_WARN_STRICT_PROTOTYPES = YES;
				CLANG_WARN_SUSPICIOUS_MOVE = YES;
				CLANG_WARN_UNGUARDED_AVAILABILITY = YES_AGGRESSIVE;
				CLANG_WARN_UNREACHABLE_CODE = YES;
				CLANG_WARN__DUPLICATE_METHOD_MATCH = YES;
				CODE_SIGN_IDENTITY = "iPhone Developer";
				COPY_PHASE_STRIP = NO;
				DEBUG_INFORMATION_FORMAT = dwarf;
				ENABLE_STRICT_OBJC_MSGSEND = YES;
				ENABLE_TESTABILITY = YES;
				GCC_C_LANGUAGE_STANDARD = gnu11;
				GCC_DYNAMIC_NO_PIC = NO;
				GCC_NO_COMMON_BLOCKS = YES;
				GCC_OPTIMIZATION_LEVEL = 0;
				GCC_PREPROCESSOR_DEFINITIONS = (
					"DEBUG=1",
					"$(inherited)",
				);
				GCC_WARN_64_TO_32_BIT_CONVERSION = YES;
				GCC_WARN_ABOUT_RETURN_TYPE = YES_ERROR;
				GCC_WARN_UNDECLARED_SELECTOR = YES;
				GCC_WARN_UNINITIALIZED_AUTOS = YES_AGGRESSIVE;
				GCC_WARN_UNUSED_FUNCTION = YES;
				GCC_WARN_UNUSED_VARIABLE = YES;
				IPHONEOS_DEPLOYMENT_TARGET = 11.0;
				MTL_ENABLE_DEBUG_INFO = YES;
				ONLY_ACTIVE_ARCH = YES;
				SDKROOT = iphoneos;
				SWIFT_ACTIVE_COMPILATION_CONDITIONS = DEBUG;
				SWIFT_OPTIMIZATION_LEVEL = "-Onone";
			};
			name = Debug;
		};
		653BCC971F118181003E359B /* Release */ = {
			isa = XCBuildConfiguration;
			buildSettings = {
				ALWAYS_SEARCH_USER_PATHS = NO;
				CLANG_ANALYZER_NONNULL = YES;
				CLANG_ANALYZER_NUMBER_OBJECT_CONVERSION = YES_AGGRESSIVE;
				CLANG_CXX_LANGUAGE_STANDARD = "gnu++14";
				CLANG_CXX_LIBRARY = "libc++";
				CLANG_ENABLE_MODULES = YES;
				CLANG_ENABLE_OBJC_ARC = YES;
				CLANG_WARN_BLOCK_CAPTURE_AUTORELEASING = YES;
				CLANG_WARN_BOOL_CONVERSION = YES;
				CLANG_WARN_COMMA = YES;
				CLANG_WARN_CONSTANT_CONVERSION = YES;
				CLANG_WARN_DIRECT_OBJC_ISA_USAGE = YES_ERROR;
				CLANG_WARN_DOCUMENTATION_COMMENTS = YES;
				CLANG_WARN_EMPTY_BODY = YES;
				CLANG_WARN_ENUM_CONVERSION = YES;
				CLANG_WARN_INFINITE_RECURSION = YES;
				CLANG_WARN_INT_CONVERSION = YES;
				CLANG_WARN_OBJC_ROOT_CLASS = YES_ERROR;
				CLANG_WARN_RANGE_LOOP_ANALYSIS = YES;
				CLANG_WARN_STRICT_PROTOTYPES = YES;
				CLANG_WARN_SUSPICIOUS_MOVE = YES;
				CLANG_WARN_UNGUARDED_AVAILABILITY = YES_AGGRESSIVE;
				CLANG_WARN_UNREACHABLE_CODE = YES;
				CLANG_WARN__DUPLICATE_METHOD_MATCH = YES;
				CODE_SIGN_IDENTITY = "iPhone Developer";
				COPY_PHASE_STRIP = NO;
				DEBUG_INFORMATION_FORMAT = "dwarf-with-dsym";
				ENABLE_NS_ASSERTIONS = NO;
				ENABLE_STRICT_OBJC_MSGSEND = YES;
				GCC_C_LANGUAGE_STANDARD = gnu11;
				GCC_NO_COMMON_BLOCKS = YES;
				GCC_WARN_64_TO_32_BIT_CONVERSION = YES;
				GCC_WARN_ABOUT_RETURN_TYPE = YES_ERROR;
				GCC_WARN_UNDECLARED_SELECTOR = YES;
				GCC_WARN_UNINITIALIZED_AUTOS = YES_AGGRESSIVE;
				GCC_WARN_UNUSED_FUNCTION = YES;
				GCC_WARN_UNUSED_VARIABLE = YES;
				IPHONEOS_DEPLOYMENT_TARGET = 11.0;
				MTL_ENABLE_DEBUG_INFO = NO;
				SDKROOT = iphoneos;
				SWIFT_OPTIMIZATION_LEVEL = "-Owholemodule";
				VALIDATE_PRODUCT = YES;
			};
			name = Release;
		};
		653BCC991F118181003E359B /* Debug */ = {
			isa = XCBuildConfiguration;
			buildSettings = {
				ASSETCATALOG_COMPILER_APPICON_NAME = AppIcon;
				DEVELOPMENT_TEAM = D8N257P9J2;
				INFOPLIST_FILE = "arkit-controller-bug/Info.plist";
				LD_RUNPATH_SEARCH_PATHS = "$(inherited) @executable_path/Frameworks";
				PRODUCT_BUNDLE_IDENTIFIER = "com.huntermaximillionmonk.arkit-controller-bug";
				PRODUCT_NAME = "$(TARGET_NAME)";
				SWIFT_VERSION = 4.0;
				TARGETED_DEVICE_FAMILY = "1,2";
			};
			name = Debug;
		};
		653BCC9A1F118181003E359B /* Release */ = {
			isa = XCBuildConfiguration;
			buildSettings = {
				ASSETCATALOG_COMPILER_APPICON_NAME = AppIcon;
				DEVELOPMENT_TEAM = D8N257P9J2;
				INFOPLIST_FILE = "arkit-controller-bug/Info.plist";
				LD_RUNPATH_SEARCH_PATHS = "$(inherited) @executable_path/Frameworks";
				PRODUCT_BUNDLE_IDENTIFIER = "com.huntermaximillionmonk.arkit-controller-bug";
				PRODUCT_NAME = "$(TARGET_NAME)";
				SWIFT_VERSION = 4.0;
				TARGETED_DEVICE_FAMILY = "1,2";
			};
			name = Release;
		};
/* End XCBuildConfiguration section */

/* Begin XCConfigurationList section */
		653BCC7F1F118181003E359B /* Build configuration list for PBXProject "arkit-controller-bug" */ = {
			isa = XCConfigurationList;
			buildConfigurations = (
				653BCC961F118181003E359B /* Debug */,
				653BCC971F118181003E359B /* Release */,
			);
			defaultConfigurationIsVisible = 0;
			defaultConfigurationName = Release;
		};
		653BCC981F118181003E359B /* Build configuration list for PBXNativeTarget "arkit-controller-bug" */ = {
			isa = XCConfigurationList;
			buildConfigurations = (
				653BCC991F118181003E359B /* Debug */,
				653BCC9A1F118181003E359B /* Release */,
			);
			defaultConfigurationIsVisible = 0;
		};
/* End XCConfigurationList section */
	};
	rootObject = 653BCC7C1F118181003E359B /* Project object */;
}
